
Microsoft Visual Studio Solution File, Format Version 12.00
# Visual Studio Version 17
VisualStudioVersion = 17.2.32630.192
MinimumVisualStudioVersion = 10.0.40219.1
Project("{9A19103F-16F7-4668-BE54-9A1E7A4F7556}") = "ReverseString", "ReverseString\ReverseString.csproj", "{B589D4E2-5BF1-47A6-80F8-11AC57BF00BD}"
EndProject
Global
	GlobalSection(SolutionConfigurationPlatforms) = preSolution
		Debug|Any CPU = Debug|Any CPU
		Release|Any CPU = Release|Any CPU
	EndGlobalSection
	GlobalSection(ProjectConfigurationPlatforms) = postSolution
		{B589D4E2-5BF1-47A6-80F8-11AC57BF00BD}.Debug|Any CPU.ActiveCfg = Debug|Any CPU
		{B589D4E2-5BF1-47A6-80F8-11AC57BF00BD}.Debug|Any CPU.Build.0 = Debug|Any CPU
		{B589D4E2-5BF1-47A6-80F8-11AC57BF00BD}.Release|Any CPU.ActiveCfg = Release|Any CPU
		{B589D4E2-5BF1-47A6-80F8-11AC57BF00BD}.Release|Any CPU.Build.0 = Release|Any CPU
	EndGlobalSection
	GlobalSection(SolutionProperties) = preSolution
		HideSolutionNode = FALSE
	EndGlobalSection
	GlobalSection(ExtensibilityGlobals) = postSolution
		SolutionGuid = {BE5CB128-1217-4C33-A5D5-5CA97EB19C69}
	EndGlobalSection
EndGlobal
