
Microsoft Visual Studio Solution File, Format Version 12.00
# Visual Studio Version 17
VisualStudioVersion = 17.3.32804.467
MinimumVisualStudioVersion = 10.0.40219.1
Project("{FAE04EC0-301F-11D3-BF4B-00C04F79EFBC}") = "CheckUniqueCharacter", "CheckUniqueCharacter\CheckUniqueCharacter.csproj", "{D32154F0-A9A3-4D60-A6D8-0C34D8938C6B}"
EndProject
Global
	GlobalSection(SolutionConfigurationPlatforms) = preSolution
		Debug|Any CPU = Debug|Any CPU
		Release|Any CPU = Release|Any CPU
	EndGlobalSection
	GlobalSection(ProjectConfigurationPlatforms) = postSolution
		{D32154F0-A9A3-4D60-A6D8-0C34D8938C6B}.Debug|Any CPU.ActiveCfg = Debug|Any CPU
		{D32154F0-A9A3-4D60-A6D8-0C34D8938C6B}.Debug|Any CPU.Build.0 = Debug|Any CPU
		{D32154F0-A9A3-4D60-A6D8-0C34D8938C6B}.Release|Any CPU.ActiveCfg = Release|Any CPU
		{D32154F0-A9A3-4D60-A6D8-0C34D8938C6B}.Release|Any CPU.Build.0 = Release|Any CPU
	EndGlobalSection
	GlobalSection(SolutionProperties) = preSolution
		HideSolutionNode = FALSE
	EndGlobalSection
	GlobalSection(ExtensibilityGlobals) = postSolution
		SolutionGuid = {C41489C6-1E21-4C2D-82EB-9649F0A5CB68}
	EndGlobalSection
EndGlobal
