
Microsoft Visual Studio Solution File, Format Version 12.00
# Visual Studio Version 17
VisualStudioVersion = 17.3.32804.467
MinimumVisualStudioVersion = 10.0.40219.1
Project("{FAE04EC0-301F-11D3-BF4B-00C04F79EFBC}") = "TimeFormatConversion", "TimeFormatConversion\TimeFormatConversion.csproj", "{D0C54701-612A-446C-BE95-7E31661CBF91}"
EndProject
Global
	GlobalSection(SolutionConfigurationPlatforms) = preSolution
		Debug|Any CPU = Debug|Any CPU
		Release|Any CPU = Release|Any CPU
	EndGlobalSection
	GlobalSection(ProjectConfigurationPlatforms) = postSolution
		{D0C54701-612A-446C-BE95-7E31661CBF91}.Debug|Any CPU.ActiveCfg = Debug|Any CPU
		{D0C54701-612A-446C-BE95-7E31661CBF91}.Debug|Any CPU.Build.0 = Debug|Any CPU
		{D0C54701-612A-446C-BE95-7E31661CBF91}.Release|Any CPU.ActiveCfg = Release|Any CPU
		{D0C54701-612A-446C-BE95-7E31661CBF91}.Release|Any CPU.Build.0 = Release|Any CPU
	EndGlobalSection
	GlobalSection(SolutionProperties) = preSolution
		HideSolutionNode = FALSE
	EndGlobalSection
	GlobalSection(ExtensibilityGlobals) = postSolution
		SolutionGuid = {754AA349-B755-40AF-8F2B-C865496C0F46}
	EndGlobalSection
EndGlobal
