
Microsoft Visual Studio Solution File, Format Version 12.00
# Visual Studio Version 17
VisualStudioVersion = 17.3.32804.467
MinimumVisualStudioVersion = 10.0.40219.1
Project("{FAE04EC0-301F-11D3-BF4B-00C04F79EFBC}") = "ConvertCharacterToASCII", "ConvertCharacterToASCII\ConvertCharacterToASCII.csproj", "{D93496F7-435A-4F27-8A74-CF4ECD3D7B0E}"
EndProject
Global
	GlobalSection(SolutionConfigurationPlatforms) = preSolution
		Debug|Any CPU = Debug|Any CPU
		Release|Any CPU = Release|Any CPU
	EndGlobalSection
	GlobalSection(ProjectConfigurationPlatforms) = postSolution
		{D93496F7-435A-4F27-8A74-CF4ECD3D7B0E}.Debug|Any CPU.ActiveCfg = Debug|Any CPU
		{D93496F7-435A-4F27-8A74-CF4ECD3D7B0E}.Debug|Any CPU.Build.0 = Debug|Any CPU
		{D93496F7-435A-4F27-8A74-CF4ECD3D7B0E}.Release|Any CPU.ActiveCfg = Release|Any CPU
		{D93496F7-435A-4F27-8A74-CF4ECD3D7B0E}.Release|Any CPU.Build.0 = Release|Any CPU
	EndGlobalSection
	GlobalSection(SolutionProperties) = preSolution
		HideSolutionNode = FALSE
	EndGlobalSection
	GlobalSection(ExtensibilityGlobals) = postSolution
		SolutionGuid = {820BC4B5-D264-4BB1-BEDA-D1ECB87E2575}
	EndGlobalSection
EndGlobal
