
Microsoft Visual Studio Solution File, Format Version 12.00
# Visual Studio Version 17
VisualStudioVersion = 17.2.32630.192
MinimumVisualStudioVersion = 10.0.40219.1
Project("{FAE04EC0-301F-11D3-BF4B-00C04F79EFBC}") = "FindFactorial", "FindFactorial\FindFactorial.csproj", "{A5427DB3-B66D-49D0-B853-DCBD4CFAC69A}"
EndProject
Global
	GlobalSection(SolutionConfigurationPlatforms) = preSolution
		Debug|Any CPU = Debug|Any CPU
		Release|Any CPU = Release|Any CPU
	EndGlobalSection
	GlobalSection(ProjectConfigurationPlatforms) = postSolution
		{A5427DB3-B66D-49D0-B853-DCBD4CFAC69A}.Debug|Any CPU.ActiveCfg = Debug|Any CPU
		{A5427DB3-B66D-49D0-B853-DCBD4CFAC69A}.Debug|Any CPU.Build.0 = Debug|Any CPU
		{A5427DB3-B66D-49D0-B853-DCBD4CFAC69A}.Release|Any CPU.ActiveCfg = Release|Any CPU
		{A5427DB3-B66D-49D0-B853-DCBD4CFAC69A}.Release|Any CPU.Build.0 = Release|Any CPU
	EndGlobalSection
	GlobalSection(SolutionProperties) = preSolution
		HideSolutionNode = FALSE
	EndGlobalSection
	GlobalSection(ExtensibilityGlobals) = postSolution
		SolutionGuid = {D0A94991-9093-44DE-B70F-FFFA681BEF3B}
	EndGlobalSection
EndGlobal
